// !$*UTF8*$!
{
	archiveVersion = 1;
	classes = {
	};
	objectVersion = 48;
	objects = {

/* Begin PBXBuildFile section */
		2C514302206505950053FC6A /* AppDelegate.swift in Sources */ = {isa = PBXBuildFile; fileRef = 2C514301206505950053FC6A /* AppDelegate.swift */; };
		2C514304206505950053FC6A /* ViewController.swift in Sources */ = {isa = PBXBuildFile; fileRef = 2C514303206505950053FC6A /* ViewController.swift */; };
		2C514307206505950053FC6A /* Main.storyboard in Resources */ = {isa = PBXBuildFile; fileRef = 2C514305206505950053FC6A /* Main.storyboard */; };
		2C514309206505950053FC6A /* Assets.xcassets in Resources */ = {isa = PBXBuildFile; fileRef = 2C514308206505950053FC6A /* Assets.xcassets */; };
		2C51430C206505950053FC6A /* LaunchScreen.storyboard in Resources */ = {isa = PBXBuildFile; fileRef = 2C51430A206505950053FC6A /* LaunchScreen.storyboard */; };
		6338C672FE78FA08D297CD41 /* Pods_jenkins_test.framework in Frameworks */ = {isa = PBXBuildFile; fileRef = 808C7C8D4E2FACC129AA2E8A /* Pods_jenkins_test.framework */; };
/* End PBXBuildFile section */

/* Begin PBXFileReference section */
		2B1D976E690C2CB2ADA71A24 /* Pods-jenkins_test.debug.xcconfig */ = {isa = PBXFileReference; includeInIndex = 1; lastKnownFileType = text.xcconfig; name = "Pods-jenkins_test.debug.xcconfig"; path = "Pods/Target Support Files/Pods-jenkins_test/Pods-jenkins_test.debug.xcconfig"; sourceTree = "<group>"; };
		2C5142FE206505950053FC6A /* jenkins_test.app */ = {isa = PBXFileReference; explicitFileType = wrapper.application; includeInIndex = 0; path = jenkins_test.app; sourceTree = BUILT_PRODUCTS_DIR; };
		2C514301206505950053FC6A /* AppDelegate.swift */ = {isa = PBXFileReference; lastKnownFileType = sourcecode.swift; path = AppDelegate.swift; sourceTree = "<group>"; };
		2C514303206505950053FC6A /* ViewController.swift */ = {isa = PBXFileReference; lastKnownFileType = sourcecode.swift; path = ViewController.swift; sourceTree = "<group>"; };
		2C514306206505950053FC6A /* Base */ = {isa = PBXFileReference; lastKnownFileType = file.storyboard; name = Base; path = Base.lproj/Main.storyboard; sourceTree = "<group>"; };
		2C514308206505950053FC6A /* Assets.xcassets */ = {isa = PBXFileReference; lastKnownFileType = folder.assetcatalog; path = Assets.xcassets; sourceTree = "<group>"; };
		2C51430B206505950053FC6A /* Base */ = {isa = PBXFileReference; lastKnownFileType = file.storyboard; name = Base; path = Base.lproj/LaunchScreen.storyboard; sourceTree = "<group>"; };
		2C51430D206505950053FC6A /* Info.plist */ = {isa = PBXFileReference; lastKnownFileType = text.plist.xml; path = Info.plist; sourceTree = "<group>"; };
		808C7C8D4E2FACC129AA2E8A /* Pods_jenkins_test.framework */ = {isa = PBXFileReference; explicitFileType = wrapper.framework; includeInIndex = 0; path = Pods_jenkins_test.framework; sourceTree = BUILT_PRODUCTS_DIR; };
		9BA8B4C84B88EEA7B5B94732 /* Pods-jenkins_test.release.xcconfig */ = {isa = PBXFileReference; includeInIndex = 1; lastKnownFileType = text.xcconfig; name = "Pods-jenkins_test.release.xcconfig"; path = "Pods/Target Support Files/Pods-jenkins_test/Pods-jenkins_test.release.xcconfig"; sourceTree = "<group>"; };
/* End PBXFileReference section */

/* Begin PBXFrameworksBuildPhase section */
		2C5142FB206505950053FC6A /* Frameworks */ = {
			isa = PBXFrameworksBuildPhase;
			buildActionMask = 2147483647;
			files = (
				6338C672FE78FA08D297CD41 /* Pods_jenkins_test.framework in Frameworks */,
			);
			runOnlyForDeploymentPostprocessing = 0;
		};
/* End PBXFrameworksBuildPhase section */

/* Begin PBXGroup section */
		2C5142F5206505950053FC6A = {
			isa = PBXGroup;
			children = (
				2C514300206505950053FC6A /* jenkins_test */,
				2C5142FF206505950053FC6A /* Products */,
				769A4B2CAFD490083515A1A7 /* Pods */,
				2E7A537716FE7B691C66418E /* Frameworks */,
			);
			sourceTree = "<group>";
		};
		2C5142FF206505950053FC6A /* Products */ = {
			isa = PBXGroup;
			children = (
				2C5142FE206505950053FC6A /* jenkins_test.app */,
			);
			name = Products;
			sourceTree = "<group>";
		};
		2C514300206505950053FC6A /* jenkins_test */ = {
			isa = PBXGroup;
			children = (
				2C514301206505950053FC6A /* AppDelegate.swift */,
				2C514303206505950053FC6A /* ViewController.swift */,
				2C514305206505950053FC6A /* Main.storyboard */,
				2C514308206505950053FC6A /* Assets.xcassets */,
				2C51430A206505950053FC6A /* LaunchScreen.storyboard */,
				2C51430D206505950053FC6A /* Info.plist */,
			);
			path = jenkins_test;
			sourceTree = "<group>";
		};
		2E7A537716FE7B691C66418E /* Frameworks */ = {
			isa = PBXGroup;
			children = (
				808C7C8D4E2FACC129AA2E8A /* Pods_jenkins_test.framework */,
			);
			name = Frameworks;
			sourceTree = "<group>";
		};
		769A4B2CAFD490083515A1A7 /* Pods */ = {
			isa = PBXGroup;
			children = (
				2B1D976E690C2CB2ADA71A24 /* Pods-jenkins_test.debug.xcconfig */,
				9BA8B4C84B88EEA7B5B94732 /* Pods-jenkins_test.release.xcconfig */,
			);
			name = Pods;
			sourceTree = "<group>";
		};
/* End PBXGroup section */

/* Begin PBXNativeTarget section */
		2C5142FD206505950053FC6A /* jenkins_test */ = {
			isa = PBXNativeTarget;
			buildConfigurationList = 2C514310206505950053FC6A /* Build configuration list for PBXNativeTarget "jenkins_test" */;
			buildPhases = (
				95854DD3E931F9B37D8DBC93 /* [CP] Check Pods Manifest.lock */,
				2C5142FA206505950053FC6A /* Sources */,
				2C5142FB206505950053FC6A /* Frameworks */,
				2C5142FC206505950053FC6A /* Resources */,
				4204E0173EFB4C993092799E /* [CP] Embed Pods Frameworks */,
				C5832558500F6A11C6A93785 /* [CP] Copy Pods Resources */,
			);
			buildRules = (
			);
			dependencies = (
			);
			name = jenkins_test;
			productName = jenkins_test;
			productReference = 2C5142FE206505950053FC6A /* jenkins_test.app */;
			productType = "com.apple.product-type.application";
		};
/* End PBXNativeTarget section */

/* Begin PBXProject section */
		2C5142F6206505950053FC6A /* Project object */ = {
			isa = PBXProject;
			attributes = {
				LastSwiftUpdateCheck = 0920;
				LastUpgradeCheck = 0920;
				ORGANIZATIONNAME = "Tomas Krasnay";
				TargetAttributes = {
					2C5142FD206505950053FC6A = {
						CreatedOnToolsVersion = 9.2;
						ProvisioningStyle = Manual;
					};
				};
			};
			buildConfigurationList = 2C5142F9206505950053FC6A /* Build configuration list for PBXProject "jenkins_test" */;
			compatibilityVersion = "Xcode 8.0";
			developmentRegion = en;
			hasScannedForEncodings = 0;
			knownRegions = (
				en,
				Base,
			);
			mainGroup = 2C5142F5206505950053FC6A;
			productRefGroup = 2C5142FF206505950053FC6A /* Products */;
			projectDirPath = "";
			projectRoot = "";
			targets = (
				2C5142FD206505950053FC6A /* jenkins_test */,
			);
		};
/* End PBXProject section */

/* Begin PBXResourcesBuildPhase section */
		2C5142FC206505950053FC6A /* Resources */ = {
			isa = PBXResourcesBuildPhase;
			buildActionMask = 2147483647;
			files = (
				2C51430C206505950053FC6A /* LaunchScreen.storyboard in Resources */,
				2C514309206505950053FC6A /* Assets.xcassets in Resources */,
				2C514307206505950053FC6A /* Main.storyboard in Resources */,
			);
			runOnlyForDeploymentPostprocessing = 0;
		};
/* End PBXResourcesBuildPhase section */

/* Begin PBXShellScriptBuildPhase section */
		4204E0173EFB4C993092799E /* [CP] Embed Pods Frameworks */ = {
			isa = PBXShellScriptBuildPhase;
			buildActionMask = 2147483647;
			files = (
			);
			inputPaths = (
			);
			name = "[CP] Embed Pods Frameworks";
			outputPaths = (
			);
			runOnlyForDeploymentPostprocessing = 0;
			shellPath = /bin/sh;
			shellScript = "\"${SRCROOT}/Pods/Target Support Files/Pods-jenkins_test/Pods-jenkins_test-frameworks.sh\"\n";
			showEnvVarsInLog = 0;
		};
		95854DD3E931F9B37D8DBC93 /* [CP] Check Pods Manifest.lock */ = {
			isa = PBXShellScriptBuildPhase;
			buildActionMask = 2147483647;
			files = (
			);
			inputPaths = (
				"${PODS_PODFILE_DIR_PATH}/Podfile.lock",
				"${PODS_ROOT}/Manifest.lock",
			);
			name = "[CP] Check Pods Manifest.lock";
			outputPaths = (
				"$(DERIVED_FILE_DIR)/Pods-jenkins_test-checkManifestLockResult.txt",
			);
			runOnlyForDeploymentPostprocessing = 0;
			shellPath = /bin/sh;
			shellScript = "diff \"${PODS_PODFILE_DIR_PATH}/Podfile.lock\" \"${PODS_ROOT}/Manifest.lock\" > /dev/null\nif [ $? != 0 ] ; then\n    # print error to STDERR\n    echo \"error: The sandbox is not in sync with the Podfile.lock. Run 'pod install' or update your CocoaPods installation.\" >&2\n    exit 1\nfi\n# This output is used by Xcode 'outputs' to avoid re-running this script phase.\necho \"SUCCESS\" > \"${SCRIPT_OUTPUT_FILE_0}\"\n";
			showEnvVarsInLog = 0;
		};
		C5832558500F6A11C6A93785 /* [CP] Copy Pods Resources */ = {
			isa = PBXShellScriptBuildPhase;
			buildActionMask = 2147483647;
			files = (
			);
			inputPaths = (
				"${SRCROOT}/Pods/Target Support Files/Pods-jenkins_test/Pods-jenkins_test-resources.sh",
				$PODS_CONFIGURATION_BUILD_DIR/HockeySDK/HockeySDKResources.bundle,
			);
			name = "[CP] Copy Pods Resources";
			outputPaths = (
				"${TARGET_BUILD_DIR}/${UNLOCALIZED_RESOURCES_FOLDER_PATH}",
			);
			runOnlyForDeploymentPostprocessing = 0;
			shellPath = /bin/sh;
			shellScript = "\"${SRCROOT}/Pods/Target Support Files/Pods-jenkins_test/Pods-jenkins_test-resources.sh\"\n";
			showEnvVarsInLog = 0;
		};
/* End PBXShellScriptBuildPhase section */

/* Begin PBXSourcesBuildPhase section */
		2C5142FA206505950053FC6A /* Sources */ = {
			isa = PBXSourcesBuildPhase;
			buildActionMask = 2147483647;
			files = (
				2C514304206505950053FC6A /* ViewController.swift in Sources */,
				2C514302206505950053FC6A /* AppDelegate.swift in Sources */,
			);
			runOnlyForDeploymentPostprocessing = 0;
		};
/* End PBXSourcesBuildPhase section */

/* Begin PBXVariantGroup section */
		2C514305206505950053FC6A /* Main.storyboard */ = {
			isa = PBXVariantGroup;
			children = (
				2C514306206505950053FC6A /* Base */,
			);
			name = Main.storyboard;
			sourceTree = "<group>";
		};
		2C51430A206505950053FC6A /* LaunchScreen.storyboard */ = {
			isa = PBXVariantGroup;
			children = (
				2C51430B206505950053FC6A /* Base */,
			);
			name = LaunchScreen.storyboard;
			sourceTree = "<group>";
		};
/* End PBXVariantGroup section */

/* Begin XCBuildConfiguration section */
		2C51430E206505950053FC6A /* Debug */ = {
			isa = XCBuildConfiguration;
			buildSettings = {
				ALWAYS_SEARCH_USER_PATHS = NO;
				CLANG_ANALYZER_NONNULL = YES;
				CLANG_ANALYZER_NUMBER_OBJECT_CONVERSION = YES_AGGRESSIVE;
				CLANG_CXX_LANGUAGE_STANDARD = "gnu++14";
				CLANG_CXX_LIBRARY = "libc++";
				CLANG_ENABLE_MODULES = YES;
				CLANG_ENABLE_OBJC_ARC = YES;
				CLANG_WARN_BLOCK_CAPTURE_AUTORELEASING = YES;
				CLANG_WARN_BOOL_CONVERSION = YES;
				CLANG_WARN_COMMA = YES;
				CLANG_WARN_CONSTANT_CONVERSION = YES;
				CLANG_WARN_DIRECT_OBJC_ISA_USAGE = YES_ERROR;
				CLANG_WARN_DOCUMENTATION_COMMENTS = YES;
				CLANG_WARN_EMPTY_BODY = YES;
				CLANG_WARN_ENUM_CONVERSION = YES;
				CLANG_WARN_INFINITE_RECURSION = YES;
				CLANG_WARN_INT_CONVERSION = YES;
				CLANG_WARN_NON_LITERAL_NULL_CONVERSION = YES;
				CLANG_WARN_OBJC_LITERAL_CONVERSION = YES;
				CLANG_WARN_OBJC_ROOT_CLASS = YES_ERROR;
				CLANG_WARN_RANGE_LOOP_ANALYSIS = YES;
				CLANG_WARN_STRICT_PROTOTYPES = YES;
				CLANG_WARN_SUSPICIOUS_MOVE = YES;
				CLANG_WARN_UNGUARDED_AVAILABILITY = YES_AGGRESSIVE;
				CLANG_WARN_UNREACHABLE_CODE = YES;
				CLANG_WARN__DUPLICATE_METHOD_MATCH = YES;
				CODE_SIGN_IDENTITY = "iPhone Developer";
				COPY_PHASE_STRIP = NO;
				DEBUG_INFORMATION_FORMAT = dwarf;
				ENABLE_STRICT_OBJC_MSGSEND = YES;
				ENABLE_TESTABILITY = YES;
				GCC_C_LANGUAGE_STANDARD = gnu11;
				GCC_DYNAMIC_NO_PIC = NO;
				GCC_NO_COMMON_BLOCKS = YES;
				GCC_OPTIMIZATION_LEVEL = 0;
				GCC_PREPROCESSOR_DEFINITIONS = (
					"DEBUG=1",
					"$(inherited)",
				);
				GCC_WARN_64_TO_32_BIT_CONVERSION = YES;
				GCC_WARN_ABOUT_RETURN_TYPE = YES_ERROR;
				GCC_WARN_UNDECLARED_SELECTOR = YES;
				GCC_WARN_UNINITIALIZED_AUTOS = YES_AGGRESSIVE;
				GCC_WARN_UNUSED_FUNCTION = YES;
				GCC_WARN_UNUSED_VARIABLE = YES;
				IPHONEOS_DEPLOYMENT_TARGET = 11.2;
				MTL_ENABLE_DEBUG_INFO = YES;
				ONLY_ACTIVE_ARCH = YES;
				SDKROOT = iphoneos;
				SWIFT_ACTIVE_COMPILATION_CONDITIONS = DEBUG;
				SWIFT_OPTIMIZATION_LEVEL = "-Onone";
			};
			name = Debug;
		};
		2C51430F206505950053FC6A /* Release */ = {
			isa = XCBuildConfiguration;
			buildSettings = {
				ALWAYS_SEARCH_USER_PATHS = NO;
				CLANG_ANALYZER_NONNULL = YES;
				CLANG_ANALYZER_NUMBER_OBJECT_CONVERSION = YES_AGGRESSIVE;
				CLANG_CXX_LANGUAGE_STANDARD = "gnu++14";
				CLANG_CXX_LIBRARY = "libc++";
				CLANG_ENABLE_MODULES = YES;
				CLANG_ENABLE_OBJC_ARC = YES;
				CLANG_WARN_BLOCK_CAPTURE_AUTORELEASING = YES;
				CLANG_WARN_BOOL_CONVERSION = YES;
				CLANG_WARN_COMMA = YES;
				CLANG_WARN_CONSTANT_CONVERSION = YES;
				CLANG_WARN_DIRECT_OBJC_ISA_USAGE = YES_ERROR;
				CLANG_WARN_DOCUMENTATION_COMMENTS = YES;
				CLANG_WARN_EMPTY_BODY = YES;
				CLANG_WARN_ENUM_CONVERSION = YES;
				CLANG_WARN_INFINITE_RECURSION = YES;
				CLANG_WARN_INT_CONVERSION = YES;
				CLANG_WARN_NON_LITERAL_NULL_CONVERSION = YES;
				CLANG_WARN_OBJC_LITERAL_CONVERSION = YES;
				CLANG_WARN_OBJC_ROOT_CLASS = YES_ERROR;
				CLANG_WARN_RANGE_LOOP_ANALYSIS = YES;
				CLANG_WARN_STRICT_PROTOTYPES = YES;
				CLANG_WARN_SUSPICIOUS_MOVE = YES;
				CLANG_WARN_UNGUARDED_AVAILABILITY = YES_AGGRESSIVE;
				CLANG_WARN_UNREACHABLE_CODE = YES;
				CLANG_WARN__DUPLICATE_METHOD_MATCH = YES;
				CODE_SIGN_IDENTITY = "iPhone Developer";
				COPY_PHASE_STRIP = NO;
				DEBUG_INFORMATION_FORMAT = "dwarf-with-dsym";
				ENABLE_NS_ASSERTIONS = NO;
				ENABLE_STRICT_OBJC_MSGSEND = YES;
				GCC_C_LANGUAGE_STANDARD = gnu11;
				GCC_NO_COMMON_BLOCKS = YES;
				GCC_WARN_64_TO_32_BIT_CONVERSION = YES;
				GCC_WARN_ABOUT_RETURN_TYPE = YES_ERROR;
				GCC_WARN_UNDECLARED_SELECTOR = YES;
				GCC_WARN_UNINITIALIZED_AUTOS = YES_AGGRESSIVE;
				GCC_WARN_UNUSED_FUNCTION = YES;
				GCC_WARN_UNUSED_VARIABLE = YES;
				IPHONEOS_DEPLOYMENT_TARGET = 11.2;
				MTL_ENABLE_DEBUG_INFO = NO;
				SDKROOT = iphoneos;
				SWIFT_OPTIMIZATION_LEVEL = "-Owholemodule";
				VALIDATE_PRODUCT = YES;
			};
			name = Release;
		};
		2C514311206505950053FC6A /* Debug */ = {
			isa = XCBuildConfiguration;
			baseConfigurationReference = 2B1D976E690C2CB2ADA71A24 /* Pods-jenkins_test.debug.xcconfig */;
			buildSettings = {
				ASSETCATALOG_COMPILER_APPICON_NAME = AppIcon;
				"CODE_SIGN_IDENTITY[sdk=iphoneos*]" = "iPhone Developer";
				CODE_SIGN_STYLE = Manual;
				DEVELOPMENT_TEAM = RNV9RP2UV3;
				INFOPLIST_FILE = jenkins_test/Info.plist;
				LD_RUNPATH_SEARCH_PATHS = "$(inherited) @executable_path/Frameworks";
				PRODUCT_BUNDLE_IDENTIFIER = cz.adastra.jenkins;
				PRODUCT_NAME = "$(TARGET_NAME)";
				PROVISIONING_PROFILE = "10a7ff80-2fe0-401a-a3e7-723390599dbf";
				PROVISIONING_PROFILE_SPECIFIER = jenkins_dev;
				SWIFT_VERSION = 4.0;
				TARGETED_DEVICE_FAMILY = "1,2";
			};
			name = Debug;
		};
		2C514312206505950053FC6A /* Release */ = {
			isa = XCBuildConfiguration;
			baseConfigurationReference = 9BA8B4C84B88EEA7B5B94732 /* Pods-jenkins_test.release.xcconfig */;
			buildSettings = {
				ASSETCATALOG_COMPILER_APPICON_NAME = AppIcon;
				"CODE_SIGN_IDENTITY[sdk=iphoneos*]" = "iPhone Distribution";
				CODE_SIGN_STYLE = Manual;
				DEVELOPMENT_TEAM = RNV9RP2UV3;
				INFOPLIST_FILE = jenkins_test/Info.plist;
				LD_RUNPATH_SEARCH_PATHS = "$(inherited) @executable_path/Frameworks";
				PRODUCT_BUNDLE_IDENTIFIER = cz.adastra.jenkins;
				PRODUCT_NAME = "$(TARGET_NAME)";
				PROVISIONING_PROFILE = "4e860111-4b8a-454c-a687-269273c8cbc9";
				PROVISIONING_PROFILE_SPECIFIER = jenkins_prod;
				SWIFT_VERSION = 4.0;
				TARGETED_DEVICE_FAMILY = "1,2";
			};
			name = Release;
		};
/* End XCBuildConfiguration section */

/* Begin XCConfigurationList section */
		2C5142F9206505950053FC6A /* Build configuration list for PBXProject "jenkins_test" */ = {
			isa = XCConfigurationList;
			buildConfigurations = (
				2C51430E206505950053FC6A /* Debug */,
				2C51430F206505950053FC6A /* Release */,
			);
			defaultConfigurationIsVisible = 0;
			defaultConfigurationName = Release;
		};
		2C514310206505950053FC6A /* Build configuration list for PBXNativeTarget "jenkins_test" */ = {
			isa = XCConfigurationList;
			buildConfigurations = (
				2C514311206505950053FC6A /* Debug */,
				2C514312206505950053FC6A /* Release */,
			);
			defaultConfigurationIsVisible = 0;
			defaultConfigurationName = Release;
		};
/* End XCConfigurationList section */
	};
	rootObject = 2C5142F6206505950053FC6A /* Project object */;
}
